
Microsoft Visual Studio Solution File, Format Version 12.00
Project("{FAE04EC0-301F-11D3-BF4B-00C04F79EFBC}") = "MyKeep", "MyKeep\MyKeep.csproj", "{3D14B8A3-A118-4C31-85AE-D1D64DEE8E7D}"
EndProject
Project("{2150E333-8FDC-42A3-9474-1A3956D46DE8}") = "Solution Items", "Solution Items", "{B663F623-04DB-40FC-9675-6A329066B4B9}"
	ProjectSection(SolutionItems) = preProject
		docker-compose.yml = docker-compose.yml
	EndProjectSection
EndProject
Project("{FAE04EC0-301F-11D3-BF4B-00C04F79EFBC}") = "MyKeep.Tests", "MyKeep.Tests\MyKeep.Tests.csproj", "{47AF6FD2-EC8D-4E1D-9A2B-E4003956C887}"
EndProject
Global
	GlobalSection(SolutionConfigurationPlatforms) = preSolution
		Debug|Any CPU = Debug|Any CPU
		Release|Any CPU = Release|Any CPU
	EndGlobalSection
	GlobalSection(ProjectConfigurationPlatforms) = postSolution
		{3D14B8A3-A118-4C31-85AE-D1D64DEE8E7D}.Debug|Any CPU.ActiveCfg = Debug|Any CPU
		{3D14B8A3-A118-4C31-85AE-D1D64DEE8E7D}.Debug|Any CPU.Build.0 = Debug|Any CPU
		{3D14B8A3-A118-4C31-85AE-D1D64DEE8E7D}.Release|Any CPU.ActiveCfg = Release|Any CPU
		{3D14B8A3-A118-4C31-85AE-D1D64DEE8E7D}.Release|Any CPU.Build.0 = Release|Any CPU
		{47AF6FD2-EC8D-4E1D-9A2B-E4003956C887}.Debug|Any CPU.ActiveCfg = Debug|Any CPU
		{47AF6FD2-EC8D-4E1D-9A2B-E4003956C887}.Debug|Any CPU.Build.0 = Debug|Any CPU
		{47AF6FD2-EC8D-4E1D-9A2B-E4003956C887}.Release|Any CPU.ActiveCfg = Release|Any CPU
		{47AF6FD2-EC8D-4E1D-9A2B-E4003956C887}.Release|Any CPU.Build.0 = Release|Any CPU
	EndGlobalSection
EndGlobal
